
Microsoft Visual Studio Solution File, Format Version 12.00
# Visual Studio Version 16
VisualStudioVersion = 16.0.30330.147
MinimumVisualStudioVersion = 10.0.40219.1
Project("{9A19103F-16F7-4668-BE54-9A1E7A4F7556}") = "TesteAteliware", "TesteAteliware.csproj", "{235364F0-A9F2-41FD-9874-105762D8C16B}"
EndProject
Project("{FAE04EC0-301F-11D3-BF4B-00C04F79EFBC}") = "Testes", "..\Testes\Testes.csproj", "{1D762B38-3819-46E4-AF10-B541A88662FE}"
EndProject
Global
	GlobalSection(SolutionConfigurationPlatforms) = preSolution
		Debug|Any CPU = Debug|Any CPU
		Release|Any CPU = Release|Any CPU
	EndGlobalSection
	GlobalSection(ProjectConfigurationPlatforms) = postSolution
		{235364F0-A9F2-41FD-9874-105762D8C16B}.Debug|Any CPU.ActiveCfg = Debug|Any CPU
		{235364F0-A9F2-41FD-9874-105762D8C16B}.Debug|Any CPU.Build.0 = Debug|Any CPU
		{235364F0-A9F2-41FD-9874-105762D8C16B}.Release|Any CPU.ActiveCfg = Release|Any CPU
		{235364F0-A9F2-41FD-9874-105762D8C16B}.Release|Any CPU.Build.0 = Release|Any CPU
		{1D762B38-3819-46E4-AF10-B541A88662FE}.Debug|Any CPU.ActiveCfg = Debug|Any CPU
		{1D762B38-3819-46E4-AF10-B541A88662FE}.Debug|Any CPU.Build.0 = Debug|Any CPU
		{1D762B38-3819-46E4-AF10-B541A88662FE}.Release|Any CPU.ActiveCfg = Release|Any CPU
		{1D762B38-3819-46E4-AF10-B541A88662FE}.Release|Any CPU.Build.0 = Release|Any CPU
	EndGlobalSection
	GlobalSection(SolutionProperties) = preSolution
		HideSolutionNode = FALSE
	EndGlobalSection
	GlobalSection(ExtensibilityGlobals) = postSolution
		SolutionGuid = {A5F88011-2895-4922-9F52-E0C374DFE3AD}
	EndGlobalSection
EndGlobal
